
Microsoft Visual Studio Solution File, Format Version 12.00
# Visual Studio Version 17
VisualStudioVersion = 17.1.32421.90
MinimumVisualStudioVersion = 10.0.40219.1
Project("{FAE04EC0-301F-11D3-BF4B-00C04F79EFBC}") = "T1", "L2\T1.csproj", "{D0F18C1B-2241-48AF-B77A-C05FBCC60532}"
EndProject
Project("{FAE04EC0-301F-11D3-BF4B-00C04F79EFBC}") = "T2", "T2\T2.csproj", "{916E7B8D-F5ED-46C8-A66B-90B931BB0FC1}"
EndProject
Project("{FAE04EC0-301F-11D3-BF4B-00C04F79EFBC}") = "T3", "T3\T3.csproj", "{7163A4D4-5706-4C5E-9F79-75CB3C1B3E5D}"
EndProject
Project("{FAE04EC0-301F-11D3-BF4B-00C04F79EFBC}") = "T4", "T4\T4.csproj", "{C92EEFE5-FA78-40A4-B67E-044DDA6449D3}"
EndProject
Project("{FAE04EC0-301F-11D3-BF4B-00C04F79EFBC}") = "T5", "T5\T5.csproj", "{24B690A6-4A92-4620-AA52-4694EE127F1B}"
EndProject
Project("{FAE04EC0-301F-11D3-BF4B-00C04F79EFBC}") = "T6", "T6\T6.csproj", "{D255DF3C-5224-45B9-8A19-35E49CF879C8}"
EndProject
Project("{FAE04EC0-301F-11D3-BF4B-00C04F79EFBC}") = "T7", "T7\T7.csproj", "{A409895C-192B-4D4F-8E9F-D34616970CE4}"
EndProject
Project("{FAE04EC0-301F-11D3-BF4B-00C04F79EFBC}") = "T8", "T8\T8.csproj", "{7742D783-A56A-42B7-969C-FB70E99A5FEF}"
EndProject
Project("{FAE04EC0-301F-11D3-BF4B-00C04F79EFBC}") = "T9", "T9\T9.csproj", "{1EEA12D0-6769-4CBA-BD13-EDE1E3F1B0EB}"
EndProject
Project("{FAE04EC0-301F-11D3-BF4B-00C04F79EFBC}") = "T10", "T10\T10.csproj", "{617AE73E-23D2-4305-971C-DCD86F3C9FF7}"
EndProject
Global
	GlobalSection(SolutionConfigurationPlatforms) = preSolution
		Debug|Any CPU = Debug|Any CPU
		Release|Any CPU = Release|Any CPU
	EndGlobalSection
	GlobalSection(ProjectConfigurationPlatforms) = postSolution
		{D0F18C1B-2241-48AF-B77A-C05FBCC60532}.Debug|Any CPU.ActiveCfg = Debug|Any CPU
		{D0F18C1B-2241-48AF-B77A-C05FBCC60532}.Debug|Any CPU.Build.0 = Debug|Any CPU
		{D0F18C1B-2241-48AF-B77A-C05FBCC60532}.Release|Any CPU.ActiveCfg = Release|Any CPU
		{D0F18C1B-2241-48AF-B77A-C05FBCC60532}.Release|Any CPU.Build.0 = Release|Any CPU
		{916E7B8D-F5ED-46C8-A66B-90B931BB0FC1}.Debug|Any CPU.ActiveCfg = Debug|Any CPU
		{916E7B8D-F5ED-46C8-A66B-90B931BB0FC1}.Debug|Any CPU.Build.0 = Debug|Any CPU
		{916E7B8D-F5ED-46C8-A66B-90B931BB0FC1}.Release|Any CPU.ActiveCfg = Release|Any CPU
		{916E7B8D-F5ED-46C8-A66B-90B931BB0FC1}.Release|Any CPU.Build.0 = Release|Any CPU
		{7163A4D4-5706-4C5E-9F79-75CB3C1B3E5D}.Debug|Any CPU.ActiveCfg = Debug|Any CPU
		{7163A4D4-5706-4C5E-9F79-75CB3C1B3E5D}.Debug|Any CPU.Build.0 = Debug|Any CPU
		{7163A4D4-5706-4C5E-9F79-75CB3C1B3E5D}.Release|Any CPU.ActiveCfg = Release|Any CPU
		{7163A4D4-5706-4C5E-9F79-75CB3C1B3E5D}.Release|Any CPU.Build.0 = Release|Any CPU
		{C92EEFE5-FA78-40A4-B67E-044DDA6449D3}.Debug|Any CPU.ActiveCfg = Debug|Any CPU
		{C92EEFE5-FA78-40A4-B67E-044DDA6449D3}.Debug|Any CPU.Build.0 = Debug|Any CPU
		{C92EEFE5-FA78-40A4-B67E-044DDA6449D3}.Release|Any CPU.ActiveCfg = Release|Any CPU
		{C92EEFE5-FA78-40A4-B67E-044DDA6449D3}.Release|Any CPU.Build.0 = Release|Any CPU
		{24B690A6-4A92-4620-AA52-4694EE127F1B}.Debug|Any CPU.ActiveCfg = Debug|Any CPU
		{24B690A6-4A92-4620-AA52-4694EE127F1B}.Debug|Any CPU.Build.0 = Debug|Any CPU
		{24B690A6-4A92-4620-AA52-4694EE127F1B}.Release|Any CPU.ActiveCfg = Release|Any CPU
		{24B690A6-4A92-4620-AA52-4694EE127F1B}.Release|Any CPU.Build.0 = Release|Any CPU
		{D255DF3C-5224-45B9-8A19-35E49CF879C8}.Debug|Any CPU.ActiveCfg = Debug|Any CPU
		{D255DF3C-5224-45B9-8A19-35E49CF879C8}.Debug|Any CPU.Build.0 = Debug|Any CPU
		{D255DF3C-5224-45B9-8A19-35E49CF879C8}.Release|Any CPU.ActiveCfg = Release|Any CPU
		{D255DF3C-5224-45B9-8A19-35E49CF879C8}.Release|Any CPU.Build.0 = Release|Any CPU
		{A409895C-192B-4D4F-8E9F-D34616970CE4}.Debug|Any CPU.ActiveCfg = Debug|Any CPU
		{A409895C-192B-4D4F-8E9F-D34616970CE4}.Debug|Any CPU.Build.0 = Debug|Any CPU
		{A409895C-192B-4D4F-8E9F-D34616970CE4}.Release|Any CPU.ActiveCfg = Release|Any CPU
		{A409895C-192B-4D4F-8E9F-D34616970CE4}.Release|Any CPU.Build.0 = Release|Any CPU
		{7742D783-A56A-42B7-969C-FB70E99A5FEF}.Debug|Any CPU.ActiveCfg = Debug|Any CPU
		{7742D783-A56A-42B7-969C-FB70E99A5FEF}.Debug|Any CPU.Build.0 = Debug|Any CPU
		{7742D783-A56A-42B7-969C-FB70E99A5FEF}.Release|Any CPU.ActiveCfg = Release|Any CPU
		{7742D783-A56A-42B7-969C-FB70E99A5FEF}.Release|Any CPU.Build.0 = Release|Any CPU
		{1EEA12D0-6769-4CBA-BD13-EDE1E3F1B0EB}.Debug|Any CPU.ActiveCfg = Debug|Any CPU
		{1EEA12D0-6769-4CBA-BD13-EDE1E3F1B0EB}.Debug|Any CPU.Build.0 = Debug|Any CPU
		{1EEA12D0-6769-4CBA-BD13-EDE1E3F1B0EB}.Release|Any CPU.ActiveCfg = Release|Any CPU
		{1EEA12D0-6769-4CBA-BD13-EDE1E3F1B0EB}.Release|Any CPU.Build.0 = Release|Any CPU
		{617AE73E-23D2-4305-971C-DCD86F3C9FF7}.Debug|Any CPU.ActiveCfg = Debug|Any CPU
		{617AE73E-23D2-4305-971C-DCD86F3C9FF7}.Debug|Any CPU.Build.0 = Debug|Any CPU
		{617AE73E-23D2-4305-971C-DCD86F3C9FF7}.Release|Any CPU.ActiveCfg = Release|Any CPU
		{617AE73E-23D2-4305-971C-DCD86F3C9FF7}.Release|Any CPU.Build.0 = Release|Any CPU
	EndGlobalSection
	GlobalSection(SolutionProperties) = preSolution
		HideSolutionNode = FALSE
	EndGlobalSection
	GlobalSection(ExtensibilityGlobals) = postSolution
		SolutionGuid = {924942FF-907D-407F-BAAD-F95613FE9BBA}
	EndGlobalSection
EndGlobal
